// !$*UTF8*$!
{
	archiveVersion = 1;
	classes = {
	};
	objectVersion = 56;
	objects = {

/* Begin PBXBuildFile section */
		4B16870E2A4C352F0020F9F3 /* URLSession+LinuxOS.swift in Sources */ = {isa = PBXBuildFile; fileRef = 4B16870D2A4C352F0020F9F3 /* URLSession+LinuxOS.swift */; };
		4B1687102A4C3ACB0020F9F3 /* InputData.swift in Sources */ = {isa = PBXBuildFile; fileRef = 4B16870F2A4C3ACB0020F9F3 /* InputData.swift */; };
		4B1687152A4C44C20020F9F3 /* TriggerEvent.swift in Sources */ = {isa = PBXBuildFile; fileRef = 4B1687142A4C44C20020F9F3 /* TriggerEvent.swift */; };
		4B1687182A4C6E330020F9F3 /* APIError.swift in Sources */ = {isa = PBXBuildFile; fileRef = 4B1687172A4C6E330020F9F3 /* APIError.swift */; };
		4B6660A62A4B1DC900D14537 /* BaseResponse.swift in Sources */ = {isa = PBXBuildFile; fileRef = 4B6660A52A4B1DC900D14537 /* BaseResponse.swift */; };
		4B8AC7122A4ADD94003C8A1E /* Logger.swift in Sources */ = {isa = PBXBuildFile; fileRef = 4B8AC7112A4ADD94003C8A1E /* Logger.swift */; };
		4B8AC7142A4AE241003C8A1E /* BaseAPIClient.swift in Sources */ = {isa = PBXBuildFile; fileRef = 4B8AC7132A4AE241003C8A1E /* BaseAPIClient.swift */; };
		4B8AC7182A4AE2AD003C8A1E /* SlackAPIClient.swift in Sources */ = {isa = PBXBuildFile; fileRef = 4B8AC7172A4AE2AD003C8A1E /* SlackAPIClient.swift */; };
		4B8AC71B2A4AF9CA003C8A1E /* SlackPRNotificationWorker.swift in Sources */ = {isa = PBXBuildFile; fileRef = 4B8AC71A2A4AF9CA003C8A1E /* SlackPRNotificationWorker.swift */; };
		4BF9DCE32A4994170033CCD8 /* Main.swift in Sources */ = {isa = PBXBuildFile; fileRef = 4BF9DCE22A4994170033CCD8 /* Main.swift */; };
/* End PBXBuildFile section */

/* Begin PBXCopyFilesBuildPhase section */
		4BF9DCDD2A4994170033CCD8 /* CopyFiles */ = {
			isa = PBXCopyFilesBuildPhase;
			buildActionMask = 2147483647;
			dstPath = /usr/share/man/man1/;
			dstSubfolderSpec = 0;
			files = (
			);
			runOnlyForDeploymentPostprocessing = 1;
		};
/* End PBXCopyFilesBuildPhase section */

/* Begin PBXFileReference section */
		4B16870D2A4C352F0020F9F3 /* URLSession+LinuxOS.swift */ = {isa = PBXFileReference; lastKnownFileType = sourcecode.swift; path = "URLSession+LinuxOS.swift"; sourceTree = "<group>"; };
		4B16870F2A4C3ACB0020F9F3 /* InputData.swift */ = {isa = PBXFileReference; lastKnownFileType = sourcecode.swift; path = InputData.swift; sourceTree = "<group>"; };
		4B1687142A4C44C20020F9F3 /* TriggerEvent.swift */ = {isa = PBXFileReference; lastKnownFileType = sourcecode.swift; path = TriggerEvent.swift; sourceTree = "<group>"; };
		4B1687172A4C6E330020F9F3 /* APIError.swift */ = {isa = PBXFileReference; lastKnownFileType = sourcecode.swift; path = APIError.swift; sourceTree = "<group>"; };
		4B6660A52A4B1DC900D14537 /* BaseResponse.swift */ = {isa = PBXFileReference; lastKnownFileType = sourcecode.swift; path = BaseResponse.swift; sourceTree = "<group>"; };
		4B8AC7112A4ADD94003C8A1E /* Logger.swift */ = {isa = PBXFileReference; lastKnownFileType = sourcecode.swift; path = Logger.swift; sourceTree = "<group>"; };
		4B8AC7132A4AE241003C8A1E /* BaseAPIClient.swift */ = {isa = PBXFileReference; lastKnownFileType = sourcecode.swift; path = BaseAPIClient.swift; sourceTree = "<group>"; };
		4B8AC7172A4AE2AD003C8A1E /* SlackAPIClient.swift */ = {isa = PBXFileReference; lastKnownFileType = sourcecode.swift; path = SlackAPIClient.swift; sourceTree = "<group>"; };
		4B8AC71A2A4AF9CA003C8A1E /* SlackPRNotificationWorker.swift */ = {isa = PBXFileReference; lastKnownFileType = sourcecode.swift; path = SlackPRNotificationWorker.swift; sourceTree = "<group>"; };
		4BF9DCDF2A4994170033CCD8 /* Autobots */ = {isa = PBXFileReference; explicitFileType = "compiled.mach-o.executable"; includeInIndex = 0; path = Autobots; sourceTree = BUILT_PRODUCTS_DIR; };
		4BF9DCE22A4994170033CCD8 /* Main.swift */ = {isa = PBXFileReference; lastKnownFileType = sourcecode.swift; path = Main.swift; sourceTree = "<group>"; };
/* End PBXFileReference section */

/* Begin PBXFrameworksBuildPhase section */
		4BF9DCDC2A4994170033CCD8 /* Frameworks */ = {
			isa = PBXFrameworksBuildPhase;
			buildActionMask = 2147483647;
			files = (
			);
			runOnlyForDeploymentPostprocessing = 0;
		};
/* End PBXFrameworksBuildPhase section */

/* Begin PBXGroup section */
		4B1687122A4C42E10020F9F3 /* API */ = {
			isa = PBXGroup;
			children = (
				4B1687132A4C42F40020F9F3 /* Base */,
				4B8AC7152A4AE28B003C8A1E /* Clients */,
			);
			path = API;
			sourceTree = "<group>";
		};
		4B1687132A4C42F40020F9F3 /* Base */ = {
			isa = PBXGroup;
			children = (
				4B1687172A4C6E330020F9F3 /* APIError.swift */,
				4B8AC7132A4AE241003C8A1E /* BaseAPIClient.swift */,
				4B6660A52A4B1DC900D14537 /* BaseResponse.swift */,
				4B16870D2A4C352F0020F9F3 /* URLSession+LinuxOS.swift */,
			);
			path = Base;
			sourceTree = "<group>";
		};
		4B1687162A4C44C90020F9F3 /* Models */ = {
			isa = PBXGroup;
			children = (
				4B16870F2A4C3ACB0020F9F3 /* InputData.swift */,
				4B1687142A4C44C20020F9F3 /* TriggerEvent.swift */,
			);
			path = Models;
			sourceTree = "<group>";
		};
		4B8AC7152A4AE28B003C8A1E /* Clients */ = {
			isa = PBXGroup;
			children = (
				4B8AC7172A4AE2AD003C8A1E /* SlackAPIClient.swift */,
			);
			path = Clients;
			sourceTree = "<group>";
		};
		4B8AC7162A4AE292003C8A1E /* Utilities */ = {
			isa = PBXGroup;
			children = (
				4B1687162A4C44C90020F9F3 /* Models */,
				4B8AC7112A4ADD94003C8A1E /* Logger.swift */,
			);
			path = Utilities;
			sourceTree = "<group>";
		};
		4B8AC7192A4AF98A003C8A1E /* Workers */ = {
			isa = PBXGroup;
			children = (
				4B8AC71A2A4AF9CA003C8A1E /* SlackPRNotificationWorker.swift */,
			);
			path = Workers;
			sourceTree = "<group>";
		};
		4BF9DCD62A4994170033CCD8 = {
			isa = PBXGroup;
			children = (
				4BF9DCE12A4994170033CCD8 /* Autobots */,
				4BF9DCE02A4994170033CCD8 /* Products */,
			);
			sourceTree = "<group>";
		};
		4BF9DCE02A4994170033CCD8 /* Products */ = {
			isa = PBXGroup;
			children = (
				4BF9DCDF2A4994170033CCD8 /* Autobots */,
			);
			name = Products;
			sourceTree = "<group>";
		};
		4BF9DCE12A4994170033CCD8 /* Autobots */ = {
			isa = PBXGroup;
			children = (
				4BF9DCE22A4994170033CCD8 /* Main.swift */,
				4B8AC7192A4AF98A003C8A1E /* Workers */,
				4B1687122A4C42E10020F9F3 /* API */,
				4B8AC7162A4AE292003C8A1E /* Utilities */,
			);
			path = Autobots;
			sourceTree = "<group>";
		};
/* End PBXGroup section */

/* Begin PBXNativeTarget section */
		4BF9DCDE2A4994170033CCD8 /* Autobots */ = {
			isa = PBXNativeTarget;
			buildConfigurationList = 4BF9DCE62A4994170033CCD8 /* Build configuration list for PBXNativeTarget "Autobots" */;
			buildPhases = (
				4BF9DCDB2A4994170033CCD8 /* Sources */,
				4BF9DCDC2A4994170033CCD8 /* Frameworks */,
				4BF9DCDD2A4994170033CCD8 /* CopyFiles */,
			);
			buildRules = (
			);
			dependencies = (
			);
			name = Autobots;
			packageProductDependencies = (
			);
			productName = Autobots;
			productReference = 4BF9DCDF2A4994170033CCD8 /* Autobots */;
			productType = "com.apple.product-type.tool";
		};
/* End PBXNativeTarget section */

/* Begin PBXProject section */
		4BF9DCD72A4994170033CCD8 /* Project object */ = {
			isa = PBXProject;
			attributes = {
				BuildIndependentTargetsInParallel = 1;
				LastSwiftUpdateCheck = 1430;
				LastUpgradeCheck = 1430;
				TargetAttributes = {
					4BF9DCDE2A4994170033CCD8 = {
						CreatedOnToolsVersion = 14.3.1;
					};
				};
			};
			buildConfigurationList = 4BF9DCDA2A4994170033CCD8 /* Build configuration list for PBXProject "Autobots" */;
			compatibilityVersion = "Xcode 14.0";
			developmentRegion = en;
			hasScannedForEncodings = 0;
			knownRegions = (
				en,
				Base,
			);
			mainGroup = 4BF9DCD62A4994170033CCD8;
			packageReferences = (
			);
			productRefGroup = 4BF9DCE02A4994170033CCD8 /* Products */;
			projectDirPath = "";
			projectRoot = "";
			targets = (
				4BF9DCDE2A4994170033CCD8 /* Autobots */,
			);
		};
/* End PBXProject section */

/* Begin PBXSourcesBuildPhase section */
		4BF9DCDB2A4994170033CCD8 /* Sources */ = {
			isa = PBXSourcesBuildPhase;
			buildActionMask = 2147483647;
			files = (
				4B8AC71B2A4AF9CA003C8A1E /* SlackPRNotificationWorker.swift in Sources */,
				4BF9DCE32A4994170033CCD8 /* Main.swift in Sources */,
				4B1687152A4C44C20020F9F3 /* TriggerEvent.swift in Sources */,
				4B1687182A4C6E330020F9F3 /* APIError.swift in Sources */,
				4B8AC7122A4ADD94003C8A1E /* Logger.swift in Sources */,
				4B16870E2A4C352F0020F9F3 /* URLSession+LinuxOS.swift in Sources */,
				4B1687102A4C3ACB0020F9F3 /* InputData.swift in Sources */,
				4B6660A62A4B1DC900D14537 /* BaseResponse.swift in Sources */,
				4B8AC7182A4AE2AD003C8A1E /* SlackAPIClient.swift in Sources */,
				4B8AC7142A4AE241003C8A1E /* BaseAPIClient.swift in Sources */,
			);
			runOnlyForDeploymentPostprocessing = 0;
		};
/* End PBXSourcesBuildPhase section */

/* Begin XCBuildConfiguration section */
		4BF9DCE42A4994170033CCD8 /* Debug */ = {
			isa = XCBuildConfiguration;
			buildSettings = {
				ALWAYS_SEARCH_USER_PATHS = NO;
				CLANG_ANALYZER_NONNULL = YES;
				CLANG_ANALYZER_NUMBER_OBJECT_CONVERSION = YES_AGGRESSIVE;
				CLANG_CXX_LANGUAGE_STANDARD = "gnu++20";
				CLANG_ENABLE_MODULES = YES;
				CLANG_ENABLE_OBJC_ARC = YES;
				CLANG_ENABLE_OBJC_WEAK = YES;
				CLANG_WARN_BLOCK_CAPTURE_AUTORELEASING = YES;
				CLANG_WARN_BOOL_CONVERSION = YES;
				CLANG_WARN_COMMA = YES;
				CLANG_WARN_CONSTANT_CONVERSION = YES;
				CLANG_WARN_DEPRECATED_OBJC_IMPLEMENTATIONS = YES;
				CLANG_WARN_DIRECT_OBJC_ISA_USAGE = YES_ERROR;
				CLANG_WARN_DOCUMENTATION_COMMENTS = YES;
				CLANG_WARN_EMPTY_BODY = YES;
				CLANG_WARN_ENUM_CONVERSION = YES;
				CLANG_WARN_INFINITE_RECURSION = YES;
				CLANG_WARN_INT_CONVERSION = YES;
				CLANG_WARN_NON_LITERAL_NULL_CONVERSION = YES;
				CLANG_WARN_OBJC_IMPLICIT_RETAIN_SELF = YES;
				CLANG_WARN_OBJC_LITERAL_CONVERSION = YES;
				CLANG_WARN_OBJC_ROOT_CLASS = YES_ERROR;
				CLANG_WARN_QUOTED_INCLUDE_IN_FRAMEWORK_HEADER = YES;
				CLANG_WARN_RANGE_LOOP_ANALYSIS = YES;
				CLANG_WARN_STRICT_PROTOTYPES = YES;
				CLANG_WARN_SUSPICIOUS_MOVE = YES;
				CLANG_WARN_UNGUARDED_AVAILABILITY = YES_AGGRESSIVE;
				CLANG_WARN_UNREACHABLE_CODE = YES;
				CLANG_WARN__DUPLICATE_METHOD_MATCH = YES;
				COPY_PHASE_STRIP = NO;
				DEBUG_INFORMATION_FORMAT = dwarf;
				ENABLE_STRICT_OBJC_MSGSEND = YES;
				ENABLE_TESTABILITY = YES;
				GCC_C_LANGUAGE_STANDARD = gnu11;
				GCC_DYNAMIC_NO_PIC = NO;
				GCC_NO_COMMON_BLOCKS = YES;
				GCC_OPTIMIZATION_LEVEL = 0;
				GCC_PREPROCESSOR_DEFINITIONS = (
					"DEBUG=1",
					"$(inherited)",
				);
				GCC_WARN_64_TO_32_BIT_CONVERSION = YES;
				GCC_WARN_ABOUT_RETURN_TYPE = YES_ERROR;
				GCC_WARN_UNDECLARED_SELECTOR = YES;
				GCC_WARN_UNINITIALIZED_AUTOS = YES_AGGRESSIVE;
				GCC_WARN_UNUSED_FUNCTION = YES;
				GCC_WARN_UNUSED_VARIABLE = YES;
				MACOSX_DEPLOYMENT_TARGET = 13.3;
				MTL_ENABLE_DEBUG_INFO = INCLUDE_SOURCE;
				MTL_FAST_MATH = YES;
				ONLY_ACTIVE_ARCH = YES;
				SDKROOT = macosx;
				SWIFT_ACTIVE_COMPILATION_CONDITIONS = DEBUG;
				SWIFT_OPTIMIZATION_LEVEL = "-Onone";
			};
			name = Debug;
		};
		4BF9DCE52A4994170033CCD8 /* Release */ = {
			isa = XCBuildConfiguration;
			buildSettings = {
				ALWAYS_SEARCH_USER_PATHS = NO;
				CLANG_ANALYZER_NONNULL = YES;
				CLANG_ANALYZER_NUMBER_OBJECT_CONVERSION = YES_AGGRESSIVE;
				CLANG_CXX_LANGUAGE_STANDARD = "gnu++20";
				CLANG_ENABLE_MODULES = YES;
				CLANG_ENABLE_OBJC_ARC = YES;
				CLANG_ENABLE_OBJC_WEAK = YES;
				CLANG_WARN_BLOCK_CAPTURE_AUTORELEASING = YES;
				CLANG_WARN_BOOL_CONVERSION = YES;
				CLANG_WARN_COMMA = YES;
				CLANG_WARN_CONSTANT_CONVERSION = YES;
				CLANG_WARN_DEPRECATED_OBJC_IMPLEMENTATIONS = YES;
				CLANG_WARN_DIRECT_OBJC_ISA_USAGE = YES_ERROR;
				CLANG_WARN_DOCUMENTATION_COMMENTS = YES;
				CLANG_WARN_EMPTY_BODY = YES;
				CLANG_WARN_ENUM_CONVERSION = YES;
				CLANG_WARN_INFINITE_RECURSION = YES;
				CLANG_WARN_INT_CONVERSION = YES;
				CLANG_WARN_NON_LITERAL_NULL_CONVERSION = YES;
				CLANG_WARN_OBJC_IMPLICIT_RETAIN_SELF = YES;
				CLANG_WARN_OBJC_LITERAL_CONVERSION = YES;
				CLANG_WARN_OBJC_ROOT_CLASS = YES_ERROR;
				CLANG_WARN_QUOTED_INCLUDE_IN_FRAMEWORK_HEADER = YES;
				CLANG_WARN_RANGE_LOOP_ANALYSIS = YES;
				CLANG_WARN_STRICT_PROTOTYPES = YES;
				CLANG_WARN_SUSPICIOUS_MOVE = YES;
				CLANG_WARN_UNGUARDED_AVAILABILITY = YES_AGGRESSIVE;
				CLANG_WARN_UNREACHABLE_CODE = YES;
				CLANG_WARN__DUPLICATE_METHOD_MATCH = YES;
				COPY_PHASE_STRIP = NO;
				DEBUG_INFORMATION_FORMAT = "dwarf-with-dsym";
				ENABLE_NS_ASSERTIONS = NO;
				ENABLE_STRICT_OBJC_MSGSEND = YES;
				GCC_C_LANGUAGE_STANDARD = gnu11;
				GCC_NO_COMMON_BLOCKS = YES;
				GCC_WARN_64_TO_32_BIT_CONVERSION = YES;
				GCC_WARN_ABOUT_RETURN_TYPE = YES_ERROR;
				GCC_WARN_UNDECLARED_SELECTOR = YES;
				GCC_WARN_UNINITIALIZED_AUTOS = YES_AGGRESSIVE;
				GCC_WARN_UNUSED_FUNCTION = YES;
				GCC_WARN_UNUSED_VARIABLE = YES;
				MACOSX_DEPLOYMENT_TARGET = 13.3;
				MTL_ENABLE_DEBUG_INFO = NO;
				MTL_FAST_MATH = YES;
				SDKROOT = macosx;
				SWIFT_COMPILATION_MODE = wholemodule;
				SWIFT_OPTIMIZATION_LEVEL = "-O";
			};
			name = Release;
		};
		4BF9DCE72A4994170033CCD8 /* Debug */ = {
			isa = XCBuildConfiguration;
			buildSettings = {
				ALWAYS_EMBED_SWIFT_STANDARD_LIBRARIES = YES;
				CODE_SIGN_STYLE = Automatic;
				DEVELOPMENT_TEAM = AYV425VG3P;
				ENABLE_HARDENED_RUNTIME = YES;
				FRAMEWORK_SEARCH_PATHS = "$(SRCROOT)/.build/debug";
				PRODUCT_NAME = "$(TARGET_NAME)";
				SWIFT_VERSION = 5.0;
			};
			name = Debug;
		};
		4BF9DCE82A4994170033CCD8 /* Release */ = {
			isa = XCBuildConfiguration;
			buildSettings = {
				ALWAYS_EMBED_SWIFT_STANDARD_LIBRARIES = YES;
				CODE_SIGN_STYLE = Automatic;
				DEVELOPMENT_TEAM = AYV425VG3P;
				ENABLE_HARDENED_RUNTIME = YES;
				FRAMEWORK_SEARCH_PATHS = "$(SRCROOT)/.build/debug";
				PRODUCT_NAME = "$(TARGET_NAME)";
				SWIFT_VERSION = 5.0;
			};
			name = Release;
		};
/* End XCBuildConfiguration section */

/* Begin XCConfigurationList section */
		4BF9DCDA2A4994170033CCD8 /* Build configuration list for PBXProject "Autobots" */ = {
			isa = XCConfigurationList;
			buildConfigurations = (
				4BF9DCE42A4994170033CCD8 /* Debug */,
				4BF9DCE52A4994170033CCD8 /* Release */,
			);
			defaultConfigurationIsVisible = 0;
			defaultConfigurationName = Release;
		};
		4BF9DCE62A4994170033CCD8 /* Build configuration list for PBXNativeTarget "Autobots" */ = {
			isa = XCConfigurationList;
			buildConfigurations = (
				4BF9DCE72A4994170033CCD8 /* Debug */,
				4BF9DCE82A4994170033CCD8 /* Release */,
			);
			defaultConfigurationIsVisible = 0;
			defaultConfigurationName = Release;
		};
/* End XCConfigurationList section */
	};
	rootObject = 4BF9DCD72A4994170033CCD8 /* Project object */;
}
